
Microsoft Visual Studio Solution File, Format Version 12.00
# Visual Studio 2013
VisualStudioVersion = 12.0.31101.0
MinimumVisualStudioVersion = 10.0.40219.1
Project("{FAE04EC0-301F-11D3-BF4B-00C04F79EFBC}") = "TwoZeroThreeK", "TwoZeroThreeK\TwoZeroThreeK.csproj", "{52283A3C-91B6-41E0-BFEC-4236D10D44CA}"
EndProject
Project("{FAE04EC0-301F-11D3-BF4B-00C04F79EFBC}") = "TwoZeroThreeK.Tests", "TwoZeroThreeK.Tests\TwoZeroThreeK.Tests.csproj", "{DFF21A6C-8E5A-4C93-B133-C321AF8E76F0}"
EndProject
Global
	GlobalSection(SolutionConfigurationPlatforms) = preSolution
		Debug|Any CPU = Debug|Any CPU
		Release|Any CPU = Release|Any CPU
	EndGlobalSection
	GlobalSection(ProjectConfigurationPlatforms) = postSolution
		{52283A3C-91B6-41E0-BFEC-4236D10D44CA}.Debug|Any CPU.ActiveCfg = Debug|Any CPU
		{52283A3C-91B6-41E0-BFEC-4236D10D44CA}.Debug|Any CPU.Build.0 = Debug|Any CPU
		{52283A3C-91B6-41E0-BFEC-4236D10D44CA}.Release|Any CPU.ActiveCfg = Release|Any CPU
		{52283A3C-91B6-41E0-BFEC-4236D10D44CA}.Release|Any CPU.Build.0 = Release|Any CPU
		{DFF21A6C-8E5A-4C93-B133-C321AF8E76F0}.Debug|Any CPU.ActiveCfg = Debug|Any CPU
		{DFF21A6C-8E5A-4C93-B133-C321AF8E76F0}.Debug|Any CPU.Build.0 = Debug|Any CPU
		{DFF21A6C-8E5A-4C93-B133-C321AF8E76F0}.Release|Any CPU.ActiveCfg = Release|Any CPU
		{DFF21A6C-8E5A-4C93-B133-C321AF8E76F0}.Release|Any CPU.Build.0 = Release|Any CPU
	EndGlobalSection
	GlobalSection(SolutionProperties) = preSolution
		HideSolutionNode = FALSE
	EndGlobalSection
EndGlobal
